
Microsoft Visual Studio Solution File, Format Version 12.00
# Visual Studio Version 17
VisualStudioVersion = 17.10.35122.118
MinimumVisualStudioVersion = 10.0.40219.1
Project("{FAE04EC0-301F-11D3-BF4B-00C04F79EFBC}") = "SerialPort", "SerialPort.csproj", "{3FA21C40-A2F6-446A-97BA-D85B5C94A512}"
EndProject
Global
	GlobalSection(SolutionConfigurationPlatforms) = preSolution
		Debug|Any CPU = Debug|Any CPU
		Release|Any CPU = Release|Any CPU
	EndGlobalSection
	GlobalSection(ProjectConfigurationPlatforms) = postSolution
		{3FA21C40-A2F6-446A-97BA-D85B5C94A512}.Debug|Any CPU.ActiveCfg = Debug|Any CPU
		{3FA21C40-A2F6-446A-97BA-D85B5C94A512}.Debug|Any CPU.Build.0 = Debug|Any CPU
		{3FA21C40-A2F6-446A-97BA-D85B5C94A512}.Release|Any CPU.ActiveCfg = Release|Any CPU
		{3FA21C40-A2F6-446A-97BA-D85B5C94A512}.Release|Any CPU.Build.0 = Release|Any CPU
	EndGlobalSection
	GlobalSection(SolutionProperties) = preSolution
		HideSolutionNode = FALSE
	EndGlobalSection
	GlobalSection(ExtensibilityGlobals) = postSolution
		SolutionGuid = {79156041-6F55-44A6-8EA9-A7CEC039C8DB}
	EndGlobalSection
EndGlobal
